{
  "lockfileVersion": 1,
  "configVersion": 1,
  "workspaces": {
    "": {
      "name": "widevine",
      "dependencies": {
        "@bufbuild/protobuf": "^2.11.0",
      },
      "devDependencies": {
        "@bufbuild/buf": "^1.66.0",
        "@bufbuild/protoc-gen-es": "^2.11.0",
        "@eslint/js": "^10.0.1",
        "@trivago/prettier-plugin-sort-imports": "^6.0.2",
        "@types/node": "^25.3.3",
        "dotenv": "^17.3.1",
        "eslint": "^10.0.2",
        "eslint-config-prettier": "^10.1.8",
        "globals": "^17.3.0",
        "jiti": "^2.6.1",
        "prettier": "^3.8.1",
        "ts-node": "^10.9.2",
        "tsdown": "^0.21.0-beta.2",
        "typescript": "^5.9.3",
        "typescript-eslint": "^8.56.1",
      },
    },
  },
  "packages": {
    "@babel/code-frame": ["@babel/code-frame@7.29.0", "", { "dependencies": { "@babel/helper-validator-identifier": "^7.28.5", "js-tokens": "^4.0.0", "picocolors": "^1.1.1" } }, "sha512-9NhCeYjq9+3uxgdtp20LSiJXJvN0FeCtNGpJxuMFZ1Kv3cWUNb6DOhJwUvcVCzKGR66cw4njwM6hrJLqgOwbcw=="],

    "@babel/generator": ["@babel/generator@7.29.1", "", { "dependencies": { "@babel/parser": "^7.29.0", "@babel/types": "^7.29.0", "@jridgewell/gen-mapping": "^0.3.12", "@jridgewell/trace-mapping": "^0.3.28", "jsesc": "^3.0.2" } }, "sha512-qsaF+9Qcm2Qv8SRIMMscAvG4O3lJ0F1GuMo5HR/Bp02LopNgnZBC/EkbevHFeGs4ls/oPz9v+Bsmzbkbe+0dUw=="],

    "@babel/helper-globals": ["@babel/helper-globals@7.28.0", "", {}, "sha512-+W6cISkXFa1jXsDEdYA8HeevQT/FULhxzR99pxphltZcVaugps53THCeiWA8SguxxpSp3gKPiuYfSWopkLQ4hw=="],

    "@babel/helper-string-parser": ["@babel/helper-string-parser@7.27.1", "", {}, "sha512-qMlSxKbpRlAridDExk92nSobyDdpPijUq2DW6oDnUqd0iOGxmQjyqhMIihI9+zv4LPyZdRje2cavWPbCbWm3eA=="],

    "@babel/helper-validator-identifier": ["@babel/helper-validator-identifier@7.28.5", "", {}, "sha512-qSs4ifwzKJSV39ucNjsvc6WVHs6b7S03sOh2OcHF9UHfVPqWWALUsNUVzhSBiItjRZoLHx7nIarVjqKVusUZ1Q=="],

    "@babel/parser": ["@babel/parser@7.29.0", "", { "dependencies": { "@babel/types": "^7.29.0" }, "bin": "./bin/babel-parser.js" }, "sha512-IyDgFV5GeDUVX4YdF/3CPULtVGSXXMLh1xVIgdCgxApktqnQV0r7/8Nqthg+8YLGaAtdyIlo2qIdZrbCv4+7ww=="],

    "@babel/template": ["@babel/template@7.28.6", "", { "dependencies": { "@babel/code-frame": "^7.28.6", "@babel/parser": "^7.28.6", "@babel/types": "^7.28.6" } }, "sha512-YA6Ma2KsCdGb+WC6UpBVFJGXL58MDA6oyONbjyF/+5sBgxY/dwkhLogbMT2GXXyU84/IhRw/2D1Os1B/giz+BQ=="],

    "@babel/traverse": ["@babel/traverse@7.29.0", "", { "dependencies": { "@babel/code-frame": "^7.29.0", "@babel/generator": "^7.29.0", "@babel/helper-globals": "^7.28.0", "@babel/parser": "^7.29.0", "@babel/template": "^7.28.6", "@babel/types": "^7.29.0", "debug": "^4.3.1" } }, "sha512-4HPiQr0X7+waHfyXPZpWPfWL/J7dcN1mx9gL6WdQVMbPnF3+ZhSMs8tCxN7oHddJE9fhNE7+lxdnlyemKfJRuA=="],

    "@babel/types": ["@babel/types@7.29.0", "", { "dependencies": { "@babel/helper-string-parser": "^7.27.1", "@babel/helper-validator-identifier": "^7.28.5" } }, "sha512-LwdZHpScM4Qz8Xw2iKSzS+cfglZzJGvofQICy7W7v4caru4EaAmyUuO6BGrbyQ2mYV11W0U8j5mBhd14dd3B0A=="],

    "@bufbuild/buf": ["@bufbuild/buf@1.66.0", "", { "optionalDependencies": { "@bufbuild/buf-darwin-arm64": "1.66.0", "@bufbuild/buf-darwin-x64": "1.66.0", "@bufbuild/buf-linux-aarch64": "1.66.0", "@bufbuild/buf-linux-armv7": "1.66.0", "@bufbuild/buf-linux-x64": "1.66.0", "@bufbuild/buf-win32-arm64": "1.66.0", "@bufbuild/buf-win32-x64": "1.66.0" }, "bin": { "buf": "bin/buf", "protoc-gen-buf-breaking": "bin/protoc-gen-buf-breaking", "protoc-gen-buf-lint": "bin/protoc-gen-buf-lint" } }, "sha512-JSZT6OT8uKG2frScYNOS3Y4E+7wg1KSPQMKfLlbZZFnBoXwMqDdsxQF7O5ucameU+3DKRs+yQFI8tNQjFJ5T2g=="],

    "@bufbuild/buf-darwin-arm64": ["@bufbuild/buf-darwin-arm64@1.66.0", "", { "os": "darwin", "cpu": "arm64" }, "sha512-C9orXX4SSVYKEumWFEO2T6xKrXsrvij0uS8kR20sHt9MYuFke14y6DfnAvXINPZrNpDiyOTldG7BPQtR40poRw=="],

    "@bufbuild/buf-darwin-x64": ["@bufbuild/buf-darwin-x64@1.66.0", "", { "os": "darwin", "cpu": "x64" }, "sha512-5I33S9UbimoBNCpOdMsmJHcW9NfxzKW5PsVrSyajpo+LL22Lfyha2ZO3JNhT/k3ZlGVvtpDAS9pRS0ouNKmGgA=="],

    "@bufbuild/buf-linux-aarch64": ["@bufbuild/buf-linux-aarch64@1.66.0", "", { "os": "linux", "cpu": "arm64" }, "sha512-KFz9HukP3ACKfSe0fo+XbxndQR0kKCVLVfUkoc6qPUTrKn9lACnah6HlUtBlwanK95vg+MIMvy0DWoLYUX9cuA=="],

    "@bufbuild/buf-linux-armv7": ["@bufbuild/buf-linux-armv7@1.66.0", "", { "os": "linux", "cpu": "arm" }, "sha512-W56iEZtnqB4ww9JCyhIipPrwZVe/zQ5I0pmWrJF8Daw67qvRYtvP3NSxtF5f0yAoB0tQAXDoqIiB/Ypl1UOz0g=="],

    "@bufbuild/buf-linux-x64": ["@bufbuild/buf-linux-x64@1.66.0", "", { "os": "linux", "cpu": "x64" }, "sha512-6AYYyc2O32jnDjjHbyW9Oqcehd+PMw+34qVo+wGfaEgGwC+fyoL2oxcEmzsPyEvhY4mkYJRXaCb8p90Ndzd2vQ=="],

    "@bufbuild/buf-win32-arm64": ["@bufbuild/buf-win32-arm64@1.66.0", "", { "os": "win32", "cpu": "arm64" }, "sha512-S+CD5NZ6q0HCI0g0PTVypjSQ63LsLm1Svd7yG1MjKz9mQ83Vl6rYXuzmYYVi2cww7w5tDew8sYASZETewvEuxg=="],

    "@bufbuild/buf-win32-x64": ["@bufbuild/buf-win32-x64@1.66.0", "", { "os": "win32", "cpu": "x64" }, "sha512-uSPoWRaX8Qd5pHZt6zzRuZXr4Sdbqe4Pm1PmMax/SGUPacVpH1v9AGX1/BTgx+g+b4vLS5T4SGxTl9ngkQaY3Q=="],

    "@bufbuild/protobuf": ["@bufbuild/protobuf@2.11.0", "", {}, "sha512-sBXGT13cpmPR5BMgHE6UEEfEaShh5Ror6rfN3yEK5si7QVrtZg8LEPQb0VVhiLRUslD2yLnXtnRzG035J/mZXQ=="],

    "@bufbuild/protoc-gen-es": ["@bufbuild/protoc-gen-es@2.11.0", "", { "dependencies": { "@bufbuild/protobuf": "2.11.0", "@bufbuild/protoplugin": "2.11.0" }, "bin": { "protoc-gen-es": "bin/protoc-gen-es" } }, "sha512-VzQuwEQDXipbZ1soWUuAWm1Z0C3B/IDWGeysnbX6ogJ6As91C2mdvAND/ekQ4YIWgen4d5nqLfIBOWLqCCjYUA=="],

    "@bufbuild/protoplugin": ["@bufbuild/protoplugin@2.11.0", "", { "dependencies": { "@bufbuild/protobuf": "2.11.0", "@typescript/vfs": "^1.6.2", "typescript": "5.4.5" } }, "sha512-lyZVNFUHArIOt4W0+dwYBe5GBwbKzbOy8ObaloEqsw9Mmiwv2O48TwddDoHN4itylC+BaEGqFdI1W8WQt2vWJQ=="],

    "@cspotcode/source-map-support": ["@cspotcode/source-map-support@0.8.1", "", { "dependencies": { "@jridgewell/trace-mapping": "0.3.9" } }, "sha512-IchNf6dN4tHoMFIn/7OE8LWZ19Y6q/67Bmf6vnGREv8RSbBVb9LPJxEcnwrcwX6ixSvaiGoomAUvu4YSxXrVgw=="],

    "@emnapi/core": ["@emnapi/core@1.8.1", "", { "dependencies": { "@emnapi/wasi-threads": "1.1.0", "tslib": "^2.4.0" } }, "sha512-AvT9QFpxK0Zd8J0jopedNm+w/2fIzvtPKPjqyw9jwvBaReTTqPBk9Hixaz7KbjimP+QNz605/XnjFcDAL2pqBg=="],

    "@emnapi/runtime": ["@emnapi/runtime@1.8.1", "", { "dependencies": { "tslib": "^2.4.0" } }, "sha512-mehfKSMWjjNol8659Z8KxEMrdSJDDot5SXMq00dM8BN4o+CLNXQ0xH2V7EchNHV4RmbZLmmPdEaXZc5H2FXmDg=="],

    "@emnapi/wasi-threads": ["@emnapi/wasi-threads@1.1.0", "", { "dependencies": { "tslib": "^2.4.0" } }, "sha512-WI0DdZ8xFSbgMjR1sFsKABJ/C5OnRrjT06JXbZKexJGrDuPTzZdDYfFlsgcCXCyf+suG5QU2e/y1Wo2V/OapLQ=="],

    "@eslint-community/eslint-utils": ["@eslint-community/eslint-utils@4.9.1", "", { "dependencies": { "eslint-visitor-keys": "^3.4.3" }, "peerDependencies": { "eslint": "^6.0.0 || ^7.0.0 || >=8.0.0" } }, "sha512-phrYmNiYppR7znFEdqgfWHXR6NCkZEK7hwWDHZUjit/2/U0r6XvkDl0SYnoM51Hq7FhCGdLDT6zxCCOY1hexsQ=="],

    "@eslint-community/regexpp": ["@eslint-community/regexpp@4.12.2", "", {}, "sha512-EriSTlt5OC9/7SXkRSCAhfSxxoSUgBm33OH+IkwbdpgoqsSsUg7y3uh+IICI/Qg4BBWr3U2i39RpmycbxMq4ew=="],

    "@eslint/config-array": ["@eslint/config-array@0.23.2", "", { "dependencies": { "@eslint/object-schema": "^3.0.2", "debug": "^4.3.1", "minimatch": "^10.2.1" } }, "sha512-YF+fE6LV4v5MGWRGj7G404/OZzGNepVF8fxk7jqmqo3lrza7a0uUcDnROGRBG1WFC1omYUS/Wp1f42i0M+3Q3A=="],

    "@eslint/config-helpers": ["@eslint/config-helpers@0.5.2", "", { "dependencies": { "@eslint/core": "^1.1.0" } }, "sha512-a5MxrdDXEvqnIq+LisyCX6tQMPF/dSJpCfBgBauY+pNZ28yCtSsTvyTYrMhaI+LK26bVyCJfJkT0u8KIj2i1dQ=="],

    "@eslint/core": ["@eslint/core@1.1.0", "", { "dependencies": { "@types/json-schema": "^7.0.15" } }, "sha512-/nr9K9wkr3P1EzFTdFdMoLuo1PmIxjmwvPozwoSodjNBdefGujXQUF93u1DDZpEaTuDvMsIQddsd35BwtrW9Xw=="],

    "@eslint/js": ["@eslint/js@10.0.1", "", { "peerDependencies": { "eslint": "^10.0.0" }, "optionalPeers": ["eslint"] }, "sha512-zeR9k5pd4gxjZ0abRoIaxdc7I3nDktoXZk2qOv9gCNWx3mVwEn32VRhyLaRsDiJjTs0xq/T8mfPtyuXu7GWBcA=="],

    "@eslint/object-schema": ["@eslint/object-schema@3.0.2", "", {}, "sha512-HOy56KJt48Bx8KmJ+XGQNSUMT/6dZee/M54XyUyuvTvPXJmsERRvBchsUVx1UMe1WwIH49XLAczNC7V2INsuUw=="],

    "@eslint/plugin-kit": ["@eslint/plugin-kit@0.6.0", "", { "dependencies": { "@eslint/core": "^1.1.0", "levn": "^0.4.1" } }, "sha512-bIZEUzOI1jkhviX2cp5vNyXQc6olzb2ohewQubuYlMXZ2Q/XjBO0x0XhGPvc9fjSIiUN0vw+0hq53BJ4eQSJKQ=="],

    "@humanfs/core": ["@humanfs/core@0.19.1", "", {}, "sha512-5DyQ4+1JEUzejeK1JGICcideyfUbGixgS9jNgex5nqkW+cY7WZhxBigmieN5Qnw9ZosSNVC9KQKyb+GUaGyKUA=="],

    "@humanfs/node": ["@humanfs/node@0.16.7", "", { "dependencies": { "@humanfs/core": "^0.19.1", "@humanwhocodes/retry": "^0.4.0" } }, "sha512-/zUx+yOsIrG4Y43Eh2peDeKCxlRt/gET6aHfaKpuq267qXdYDFViVHfMaLyygZOnl0kGWxFIgsBy8QFuTLUXEQ=="],

    "@humanwhocodes/module-importer": ["@humanwhocodes/module-importer@1.0.1", "", {}, "sha512-bxveV4V8v5Yb4ncFTT3rPSgZBOpCkjfK0y4oVVVJwIuDVBRMDXrPyXRL988i5ap9m9bnyEEjWfm5WkBmtffLfA=="],

    "@humanwhocodes/retry": ["@humanwhocodes/retry@0.4.3", "", {}, "sha512-bV0Tgo9K4hfPCek+aMAn81RppFKv2ySDQeMoSZuvTASywNTnVJCArCZE2FWqpvIatKu7VMRLWlR1EazvVhDyhQ=="],

    "@jridgewell/gen-mapping": ["@jridgewell/gen-mapping@0.3.13", "", { "dependencies": { "@jridgewell/sourcemap-codec": "^1.5.0", "@jridgewell/trace-mapping": "^0.3.24" } }, "sha512-2kkt/7niJ6MgEPxF0bYdQ6etZaA+fQvDcLKckhy1yIQOzaoKjBBjSj63/aLVjYE3qhRt5dvM+uUyfCg6UKCBbA=="],

    "@jridgewell/resolve-uri": ["@jridgewell/resolve-uri@3.1.2", "", {}, "sha512-bRISgCIjP20/tbWSPWMEi54QVPRZExkuD9lJL+UIxUKtwVJA8wW1Trb1jMs1RFXo1CBTNZ/5hpC9QvmKWdopKw=="],

    "@jridgewell/sourcemap-codec": ["@jridgewell/sourcemap-codec@1.5.5", "", {}, "sha512-cYQ9310grqxueWbl+WuIUIaiUaDcj7WOq5fVhEljNVgRfOUhY9fy2zTvfoqWsnebh8Sl70VScFbICvJnLKB0Og=="],

    "@jridgewell/trace-mapping": ["@jridgewell/trace-mapping@0.3.31", "", { "dependencies": { "@jridgewell/resolve-uri": "^3.1.0", "@jridgewell/sourcemap-codec": "^1.4.14" } }, "sha512-zzNR+SdQSDJzc8joaeP8QQoCQr8NuYx2dIIytl1QeBEZHJ9uW6hebsrYgbz8hJwUQao3TWCMtmfV8Nu1twOLAw=="],

    "@napi-rs/wasm-runtime": ["@napi-rs/wasm-runtime@1.1.1", "", { "dependencies": { "@emnapi/core": "^1.7.1", "@emnapi/runtime": "^1.7.1", "@tybys/wasm-util": "^0.10.1" } }, "sha512-p64ah1M1ld8xjWv3qbvFwHiFVWrq1yFvV4f7w+mzaqiR4IlSgkqhcRdHwsGgomwzBH51sRY4NEowLxnaBjcW/A=="],

    "@oxc-project/types": ["@oxc-project/types@0.114.0", "", {}, "sha512-//nBfbzHQHvJs8oFIjv6coZ6uxQ4alLfiPe6D5vit6c4pmxATHHlVwgB1k+Hv4yoAMyncdxgRBF5K4BYWUCzvA=="],

    "@quansync/fs": ["@quansync/fs@1.0.0", "", { "dependencies": { "quansync": "^1.0.0" } }, "sha512-4TJ3DFtlf1L5LDMaM6CanJ/0lckGNtJcMjQ1NAV6zDmA0tEHKZtxNKin8EgPaVX1YzljbxckyT2tJrpQKAtngQ=="],

    "@rolldown/binding-android-arm64": ["@rolldown/binding-android-arm64@1.0.0-rc.5", "", { "os": "android", "cpu": "arm64" }, "sha512-zCEmUrt1bggwgBgeKLxNj217J1OrChrp3jJt24VK9jAharSTeVaHODNL+LpcQVhRz+FktYWfT9cjo5oZ99ZLpg=="],

    "@rolldown/binding-darwin-arm64": ["@rolldown/binding-darwin-arm64@1.0.0-rc.5", "", { "os": "darwin", "cpu": "arm64" }, "sha512-ZP9xb9lPAex36pvkNWCjSEJW/Gfdm9I3ssiqOFLmpZ/vosPXgpoGxCmh+dX1Qs+/bWQE6toNFXWWL8vYoKoK9Q=="],

    "@rolldown/binding-darwin-x64": ["@rolldown/binding-darwin-x64@1.0.0-rc.5", "", { "os": "darwin", "cpu": "x64" }, "sha512-7IdrPunf6dp9mywMgTOKMMGDnMHQ6+h5gRl6LW8rhD8WK2kXX0IwzcM5Zc0B5J7xQs8QWOlKjv8BJsU/1CD3pg=="],

    "@rolldown/binding-freebsd-x64": ["@rolldown/binding-freebsd-x64@1.0.0-rc.5", "", { "os": "freebsd", "cpu": "x64" }, "sha512-o/JCk+dL0IN68EBhZ4DqfsfvxPfMeoM6cJtxORC1YYoxGHZyth2Kb2maXDb4oddw2wu8iIbnYXYPEzBtAF5CAg=="],

    "@rolldown/binding-linux-arm-gnueabihf": ["@rolldown/binding-linux-arm-gnueabihf@1.0.0-rc.5", "", { "os": "linux", "cpu": "arm" }, "sha512-IIBwTtA6VwxQLcEgq2mfrUgam7VvPZjhd/jxmeS1npM+edWsrrpRLHUdze+sk4rhb8/xpP3flemgcZXXUW6ukw=="],

    "@rolldown/binding-linux-arm64-gnu": ["@rolldown/binding-linux-arm64-gnu@1.0.0-rc.5", "", { "os": "linux", "cpu": "arm64" }, "sha512-KSol1De1spMZL+Xg7K5IBWXIvRWv7+pveaxFWXpezezAG7CS6ojzRjtCGCiLxQricutTAi/LkNWKMsd2wNhMKQ=="],

    "@rolldown/binding-linux-arm64-musl": ["@rolldown/binding-linux-arm64-musl@1.0.0-rc.5", "", { "os": "linux", "cpu": "arm64" }, "sha512-WFljyDkxtXRlWxMjxeegf7xMYXxUr8u7JdXlOEWKYgDqEgxUnSEsVDxBiNWQ1D5kQKwf8Wo4sVKEYPRhCdsjwA=="],

    "@rolldown/binding-linux-x64-gnu": ["@rolldown/binding-linux-x64-gnu@1.0.0-rc.5", "", { "os": "linux", "cpu": "x64" }, "sha512-CUlplTujmbDWp2gamvrqVKi2Or8lmngXT1WxsizJfts7JrvfGhZObciaY/+CbdbS9qNnskvwMZNEhTPrn7b+WA=="],

    "@rolldown/binding-linux-x64-musl": ["@rolldown/binding-linux-x64-musl@1.0.0-rc.5", "", { "os": "linux", "cpu": "x64" }, "sha512-wdf7g9NbVZCeAo2iGhsjJb7I8ZFfs6X8bumfrWg82VK+8P6AlLXwk48a1ASiJQDTS7Svq2xVzZg3sGO2aXpHRA=="],

    "@rolldown/binding-openharmony-arm64": ["@rolldown/binding-openharmony-arm64@1.0.0-rc.5", "", { "os": "none", "cpu": "arm64" }, "sha512-0CWY7ubu12nhzz+tkpHjoG3IRSTlWYe0wrfJRf4qqjqQSGtAYgoL9kwzdvlhaFdZ5ffVeyYw9qLsChcjUMEloQ=="],

    "@rolldown/binding-wasm32-wasi": ["@rolldown/binding-wasm32-wasi@1.0.0-rc.5", "", { "dependencies": { "@napi-rs/wasm-runtime": "^1.1.1" }, "cpu": "none" }, "sha512-LztXnGzv6t2u830mnZrFLRVqT/DPJ9DL4ZTz/y93rqUVkeHjMMYIYaFj+BUthiYxbVH9dH0SZYufETspKY/NhA=="],

    "@rolldown/binding-win32-arm64-msvc": ["@rolldown/binding-win32-arm64-msvc@1.0.0-rc.5", "", { "os": "win32", "cpu": "arm64" }, "sha512-jUct1XVeGtyjqJXEAfvdFa8xoigYZ2rge7nYEm70ppQxpfH9ze2fbIrpHmP2tNM2vL/F6Dd0CpXhpjPbC6bSxQ=="],

    "@rolldown/binding-win32-x64-msvc": ["@rolldown/binding-win32-x64-msvc@1.0.0-rc.5", "", { "os": "win32", "cpu": "x64" }, "sha512-VQ8F9ld5gw29epjnVGdrx8ugiLTe8BMqmhDYy7nGbdeDo4HAt4bgdZvLbViEhg7DZyHLpiEUlO5/jPSUrIuxRQ=="],

    "@rolldown/pluginutils": ["@rolldown/pluginutils@1.0.0-rc.5", "", {}, "sha512-RxlLX/DPoarZ9PtxVrQgZhPoor987YtKQqCo5zkjX+0S0yLJ7Vv515Wk6+xtTL67VONKJKxETWZwuZjss2idYw=="],

    "@trivago/prettier-plugin-sort-imports": ["@trivago/prettier-plugin-sort-imports@6.0.2", "", { "dependencies": { "@babel/generator": "^7.28.0", "@babel/parser": "^7.28.0", "@babel/traverse": "^7.28.0", "@babel/types": "^7.28.0", "javascript-natural-sort": "^0.7.1", "lodash-es": "^4.17.21", "minimatch": "^9.0.0", "parse-imports-exports": "^0.2.4" }, "peerDependencies": { "@vue/compiler-sfc": "3.x", "prettier": "2.x - 3.x", "prettier-plugin-ember-template-tag": ">= 2.0.0", "prettier-plugin-svelte": "3.x", "svelte": "4.x || 5.x" }, "optionalPeers": ["@vue/compiler-sfc", "prettier-plugin-ember-template-tag", "prettier-plugin-svelte", "svelte"] }, "sha512-3DgfkukFyC/sE/VuYjaUUWoFfuVjPK55vOFDsxD56XXynFMCZDYFogH2l/hDfOsQAm1myoU/1xByJ3tWqtulXA=="],

    "@tsconfig/node10": ["@tsconfig/node10@1.0.12", "", {}, "sha512-UCYBaeFvM11aU2y3YPZ//O5Rhj+xKyzy7mvcIoAjASbigy8mHMryP5cK7dgjlz2hWxh1g5pLw084E0a/wlUSFQ=="],

    "@tsconfig/node12": ["@tsconfig/node12@1.0.11", "", {}, "sha512-cqefuRsh12pWyGsIoBKJA9luFu3mRxCA+ORZvA4ktLSzIuCUtWVxGIuXigEwO5/ywWFMZ2QEGKWvkZG1zDMTag=="],

    "@tsconfig/node14": ["@tsconfig/node14@1.0.3", "", {}, "sha512-ysT8mhdixWK6Hw3i1V2AeRqZ5WfXg1G43mqoYlM2nc6388Fq5jcXyr5mRsqViLx/GJYdoL0bfXD8nmF+Zn/Iow=="],

    "@tsconfig/node16": ["@tsconfig/node16@1.0.4", "", {}, "sha512-vxhUy4J8lyeyinH7Azl1pdd43GJhZH/tP2weN8TntQblOY+A0XbT8DJk1/oCPuOOyg/Ja757rG0CgHcWC8OfMA=="],

    "@tybys/wasm-util": ["@tybys/wasm-util@0.10.1", "", { "dependencies": { "tslib": "^2.4.0" } }, "sha512-9tTaPJLSiejZKx+Bmog4uSubteqTvFrVrURwkmHixBo0G4seD0zUxp98E1DzUBJxLQ3NPwXrGKDiVjwx/DpPsg=="],

    "@types/esrecurse": ["@types/esrecurse@4.3.1", "", {}, "sha512-xJBAbDifo5hpffDBuHl0Y8ywswbiAp/Wi7Y/GtAgSlZyIABppyurxVueOPE8LUQOxdlgi6Zqce7uoEpqNTeiUw=="],

    "@types/estree": ["@types/estree@1.0.8", "", {}, "sha512-dWHzHa2WqEXI/O1E9OjrocMTKJl2mSrEolh1Iomrv6U+JuNwaHXsXx9bLu5gG7BUWFIN0skIQJQ/L1rIex4X6w=="],

    "@types/jsesc": ["@types/jsesc@2.5.1", "", {}, "sha512-9VN+6yxLOPLOav+7PwjZbxiID2bVaeq0ED4qSQmdQTdjnXJSaCVKTR58t15oqH1H5t8Ng2ZX1SabJVoN9Q34bw=="],

    "@types/json-schema": ["@types/json-schema@7.0.15", "", {}, "sha512-5+fP8P8MFNC+AyZCDxrB2pkZFPGzqQWUzpSeuuVLvm8VMcorNYavBqoFcxK8bQz4Qsbn4oUEEem4wDLfcysGHA=="],

    "@types/node": ["@types/node@25.3.3", "", { "dependencies": { "undici-types": "~7.18.0" } }, "sha512-DpzbrH7wIcBaJibpKo9nnSQL0MTRdnWttGyE5haGwK86xgMOkFLp7vEyfQPGLOJh5wNYiJ3V9PmUMDhV9u8kkQ=="],

    "@typescript-eslint/eslint-plugin": ["@typescript-eslint/eslint-plugin@8.56.1", "", { "dependencies": { "@eslint-community/regexpp": "^4.12.2", "@typescript-eslint/scope-manager": "8.56.1", "@typescript-eslint/type-utils": "8.56.1", "@typescript-eslint/utils": "8.56.1", "@typescript-eslint/visitor-keys": "8.56.1", "ignore": "^7.0.5", "natural-compare": "^1.4.0", "ts-api-utils": "^2.4.0" }, "peerDependencies": { "@typescript-eslint/parser": "^8.56.1", "eslint": "^8.57.0 || ^9.0.0 || ^10.0.0", "typescript": ">=4.8.4 <6.0.0" } }, "sha512-Jz9ZztpB37dNC+HU2HI28Bs9QXpzCz+y/twHOwhyrIRdbuVDxSytJNDl6z/aAKlaRIwC7y8wJdkBv7FxYGgi0A=="],

    "@typescript-eslint/parser": ["@typescript-eslint/parser@8.56.1", "", { "dependencies": { "@typescript-eslint/scope-manager": "8.56.1", "@typescript-eslint/types": "8.56.1", "@typescript-eslint/typescript-estree": "8.56.1", "@typescript-eslint/visitor-keys": "8.56.1", "debug": "^4.4.3" }, "peerDependencies": { "eslint": "^8.57.0 || ^9.0.0 || ^10.0.0", "typescript": ">=4.8.4 <6.0.0" } }, "sha512-klQbnPAAiGYFyI02+znpBRLyjL4/BrBd0nyWkdC0s/6xFLkXYQ8OoRrSkqacS1ddVxf/LDyODIKbQ5TgKAf/Fg=="],

    "@typescript-eslint/project-service": ["@typescript-eslint/project-service@8.56.1", "", { "dependencies": { "@typescript-eslint/tsconfig-utils": "^8.56.1", "@typescript-eslint/types": "^8.56.1", "debug": "^4.4.3" }, "peerDependencies": { "typescript": ">=4.8.4 <6.0.0" } }, "sha512-TAdqQTzHNNvlVFfR+hu2PDJrURiwKsUvxFn1M0h95BB8ah5jejas08jUWG4dBA68jDMI988IvtfdAI53JzEHOQ=="],

    "@typescript-eslint/scope-manager": ["@typescript-eslint/scope-manager@8.56.1", "", { "dependencies": { "@typescript-eslint/types": "8.56.1", "@typescript-eslint/visitor-keys": "8.56.1" } }, "sha512-YAi4VDKcIZp0O4tz/haYKhmIDZFEUPOreKbfdAN3SzUDMcPhJ8QI99xQXqX+HoUVq8cs85eRKnD+rne2UAnj2w=="],

    "@typescript-eslint/tsconfig-utils": ["@typescript-eslint/tsconfig-utils@8.56.1", "", { "peerDependencies": { "typescript": ">=4.8.4 <6.0.0" } }, "sha512-qOtCYzKEeyr3aR9f28mPJqBty7+DBqsdd63eO0yyDwc6vgThj2UjWfJIcsFeSucYydqcuudMOprZ+x1SpF3ZuQ=="],

    "@typescript-eslint/type-utils": ["@typescript-eslint/type-utils@8.56.1", "", { "dependencies": { "@typescript-eslint/types": "8.56.1", "@typescript-eslint/typescript-estree": "8.56.1", "@typescript-eslint/utils": "8.56.1", "debug": "^4.4.3", "ts-api-utils": "^2.4.0" }, "peerDependencies": { "eslint": "^8.57.0 || ^9.0.0 || ^10.0.0", "typescript": ">=4.8.4 <6.0.0" } }, "sha512-yB/7dxi7MgTtGhZdaHCemf7PuwrHMenHjmzgUW1aJpO+bBU43OycnM3Wn+DdvDO/8zzA9HlhaJ0AUGuvri4oGg=="],

    "@typescript-eslint/types": ["@typescript-eslint/types@8.56.1", "", {}, "sha512-dbMkdIUkIkchgGDIv7KLUpa0Mda4IYjo4IAMJUZ+3xNoUXxMsk9YtKpTHSChRS85o+H9ftm51gsK1dZReY9CVw=="],

    "@typescript-eslint/typescript-estree": ["@typescript-eslint/typescript-estree@8.56.1", "", { "dependencies": { "@typescript-eslint/project-service": "8.56.1", "@typescript-eslint/tsconfig-utils": "8.56.1", "@typescript-eslint/types": "8.56.1", "@typescript-eslint/visitor-keys": "8.56.1", "debug": "^4.4.3", "minimatch": "^10.2.2", "semver": "^7.7.3", "tinyglobby": "^0.2.15", "ts-api-utils": "^2.4.0" }, "peerDependencies": { "typescript": ">=4.8.4 <6.0.0" } }, "sha512-qzUL1qgalIvKWAf9C1HpvBjif+Vm6rcT5wZd4VoMb9+Km3iS3Cv9DY6dMRMDtPnwRAFyAi7YXJpTIEXLvdfPxg=="],

    "@typescript-eslint/utils": ["@typescript-eslint/utils@8.56.1", "", { "dependencies": { "@eslint-community/eslint-utils": "^4.9.1", "@typescript-eslint/scope-manager": "8.56.1", "@typescript-eslint/types": "8.56.1", "@typescript-eslint/typescript-estree": "8.56.1" }, "peerDependencies": { "eslint": "^8.57.0 || ^9.0.0 || ^10.0.0", "typescript": ">=4.8.4 <6.0.0" } }, "sha512-HPAVNIME3tABJ61siYlHzSWCGtOoeP2RTIaHXFMPqjrQKCGB9OgUVdiNgH7TJS2JNIQ5qQ4RsAUDuGaGme/KOA=="],

    "@typescript-eslint/visitor-keys": ["@typescript-eslint/visitor-keys@8.56.1", "", { "dependencies": { "@typescript-eslint/types": "8.56.1", "eslint-visitor-keys": "^5.0.0" } }, "sha512-KiROIzYdEV85YygXw6BI/Dx4fnBlFQu6Mq4QE4MOH9fFnhohw6wX/OAvDY2/C+ut0I3RSPKenvZJIVYqJNkhEw=="],

    "@typescript/vfs": ["@typescript/vfs@1.6.4", "", { "dependencies": { "debug": "^4.4.3" }, "peerDependencies": { "typescript": "*" } }, "sha512-PJFXFS4ZJKiJ9Qiuix6Dz/OwEIqHD7Dme1UwZhTK11vR+5dqW2ACbdndWQexBzCx+CPuMe5WBYQWCsFyGlQLlQ=="],

    "acorn": ["acorn@8.16.0", "", { "bin": { "acorn": "bin/acorn" } }, "sha512-UVJyE9MttOsBQIDKw1skb9nAwQuR5wuGD3+82K6JgJlm/Y+KI92oNsMNGZCYdDsVtRHSak0pcV5Dno5+4jh9sw=="],

    "acorn-jsx": ["acorn-jsx@5.3.2", "", { "peerDependencies": { "acorn": "^6.0.0 || ^7.0.0 || ^8.0.0" } }, "sha512-rq9s+JNhf0IChjtDXxllJ7g41oZk5SlXtp0LHwyA5cejwn7vKmKp4pPri6YEePv2PU65sAsegbXtIinmDFDXgQ=="],

    "acorn-walk": ["acorn-walk@8.3.5", "", { "dependencies": { "acorn": "^8.11.0" } }, "sha512-HEHNfbars9v4pgpW6SO1KSPkfoS0xVOM/9UzkJltjlsHZmJasxg8aXkuZa7SMf8vKGIBhpUsPluQSqhJFCqebw=="],

    "ajv": ["ajv@6.14.0", "", { "dependencies": { "fast-deep-equal": "^3.1.1", "fast-json-stable-stringify": "^2.0.0", "json-schema-traverse": "^0.4.1", "uri-js": "^4.2.2" } }, "sha512-IWrosm/yrn43eiKqkfkHis7QioDleaXQHdDVPKg0FSwwd/DuvyX79TZnFOnYpB7dcsFAMmtFztZuXPDvSePkFw=="],

    "ansis": ["ansis@4.2.0", "", {}, "sha512-HqZ5rWlFjGiV0tDm3UxxgNRqsOTniqoKZu0pIAfh7TZQMGuZK+hH0drySty0si0QXj1ieop4+SkSfPZBPPkHig=="],

    "arg": ["arg@4.1.3", "", {}, "sha512-58S9QDqG0Xx27YwPSt9fJxivjYl432YCwfDMfZ+71RAqUrZef7LrKQZ3LHLOwCS4FLNBplP533Zx895SeOCHvA=="],

    "ast-kit": ["ast-kit@3.0.0-beta.1", "", { "dependencies": { "@babel/parser": "^8.0.0-beta.4", "estree-walker": "^3.0.3", "pathe": "^2.0.3" } }, "sha512-trmleAnZ2PxN/loHWVhhx1qeOHSRXq4TDsBBxq3GqeJitfk3+jTQ+v/C1km/KYq9M7wKqCewMh+/NAvVH7m+bw=="],

    "balanced-match": ["balanced-match@1.0.2", "", {}, "sha512-3oSeUO0TMV67hN1AmbXsK4yaqU7tjiHlbxRDZOpH0KW9+CeX4bRAaX0Anxt0tx2MrpRpWwQaPwIlISEJhYU5Pw=="],

    "birpc": ["birpc@4.0.0", "", {}, "sha512-LShSxJP0KTmd101b6DRyGBj57LZxSDYWKitQNW/mi8GRMvZb078Uf9+pveax1DrVL89vm7mWe+TovdI/UDOuPw=="],

    "brace-expansion": ["brace-expansion@2.0.2", "", { "dependencies": { "balanced-match": "^1.0.0" } }, "sha512-Jt0vHyM+jmUBqojB7E1NIYadt0vI0Qxjxd2TErW94wDz+E2LAm5vKMXXwg6ZZBTHPuUlDgQHKXvjGBdfcF1ZDQ=="],

    "cac": ["cac@6.7.14", "", {}, "sha512-b6Ilus+c3RrdDk+JhLKUAQfzzgLEPy6wcXqS7f/xe1EETvsDP6GORG7SFuOs6cID5YkqchW/LXZbX5bc8j7ZcQ=="],

    "create-require": ["create-require@1.1.1", "", {}, "sha512-dcKFX3jn0MpIaXjisoRvexIJVEKzaq7z2rZKxf+MSr9TkdmHmsU4m2lcLojrj/FHl8mk5VxMmYA+ftRkP/3oKQ=="],

    "cross-spawn": ["cross-spawn@7.0.6", "", { "dependencies": { "path-key": "^3.1.0", "shebang-command": "^2.0.0", "which": "^2.0.1" } }, "sha512-uV2QOWP2nWzsy2aMp8aRibhi9dlzF5Hgh5SHaB9OiTGEyDTiJJyx0uy51QXdyWbtAHNua4XJzUKca3OzKUd3vA=="],

    "debug": ["debug@4.4.3", "", { "dependencies": { "ms": "^2.1.3" } }, "sha512-RGwwWnwQvkVfavKVt22FGLw+xYSdzARwm0ru6DhTVA3umU5hZc28V3kO4stgYryrTlLpuvgI9GiijltAjNbcqA=="],

    "deep-is": ["deep-is@0.1.4", "", {}, "sha512-oIPzksmTg4/MriiaYGO+okXDT7ztn/w3Eptv/+gSIdMdKsJo0u4CfYNFJPy+4SKMuCqGw2wxnA+URMg3t8a/bQ=="],

    "defu": ["defu@6.1.4", "", {}, "sha512-mEQCMmwJu317oSz8CwdIOdwf3xMif1ttiM8LTufzc3g6kR+9Pe236twL8j3IYT1F7GfRgGcW6MWxzZjLIkuHIg=="],

    "diff": ["diff@4.0.4", "", {}, "sha512-X07nttJQkwkfKfvTPG/KSnE2OMdcUCao6+eXF3wmnIQRn2aPAHH3VxDbDOdegkd6JbPsXqShpvEOHfAT+nCNwQ=="],

    "dotenv": ["dotenv@17.3.1", "", {}, "sha512-IO8C/dzEb6O3F9/twg6ZLXz164a2fhTnEWb95H23Dm4OuN+92NmEAlTrupP9VW6Jm3sO26tQlqyvyi4CsnY9GA=="],

    "dts-resolver": ["dts-resolver@2.1.3", "", { "peerDependencies": { "oxc-resolver": ">=11.0.0" }, "optionalPeers": ["oxc-resolver"] }, "sha512-bihc7jPC90VrosXNzK0LTE2cuLP6jr0Ro8jk+kMugHReJVLIpHz/xadeq3MhuwyO4TD4OA3L1Q8pBBFRc08Tsw=="],

    "empathic": ["empathic@2.0.0", "", {}, "sha512-i6UzDscO/XfAcNYD75CfICkmfLedpyPDdozrLMmQc5ORaQcdMoc21OnlEylMIqI7U8eniKrPMxxtj8k0vhmJhA=="],

    "escape-string-regexp": ["escape-string-regexp@4.0.0", "", {}, "sha512-TtpcNJ3XAzx3Gq8sWRzJaVajRs0uVxA2YAkdb1jm2YkPz4G6egUFAyA3n5vtEIZefPk5Wa4UXbKuS5fKkJWdgA=="],

    "eslint": ["eslint@10.0.2", "", { "dependencies": { "@eslint-community/eslint-utils": "^4.8.0", "@eslint-community/regexpp": "^4.12.2", "@eslint/config-array": "^0.23.2", "@eslint/config-helpers": "^0.5.2", "@eslint/core": "^1.1.0", "@eslint/plugin-kit": "^0.6.0", "@humanfs/node": "^0.16.6", "@humanwhocodes/module-importer": "^1.0.1", "@humanwhocodes/retry": "^0.4.2", "@types/estree": "^1.0.6", "ajv": "^6.14.0", "cross-spawn": "^7.0.6", "debug": "^4.3.2", "escape-string-regexp": "^4.0.0", "eslint-scope": "^9.1.1", "eslint-visitor-keys": "^5.0.1", "espree": "^11.1.1", "esquery": "^1.7.0", "esutils": "^2.0.2", "fast-deep-equal": "^3.1.3", "file-entry-cache": "^8.0.0", "find-up": "^5.0.0", "glob-parent": "^6.0.2", "ignore": "^5.2.0", "imurmurhash": "^0.1.4", "is-glob": "^4.0.0", "json-stable-stringify-without-jsonify": "^1.0.1", "minimatch": "^10.2.1", "natural-compare": "^1.4.0", "optionator": "^0.9.3" }, "peerDependencies": { "jiti": "*" }, "optionalPeers": ["jiti"], "bin": { "eslint": "bin/eslint.js" } }, "sha512-uYixubwmqJZH+KLVYIVKY1JQt7tysXhtj21WSvjcSmU5SVNzMus1bgLe+pAt816yQ8opKfheVVoPLqvVMGejYw=="],

    "eslint-config-prettier": ["eslint-config-prettier@10.1.8", "", { "peerDependencies": { "eslint": ">=7.0.0" }, "bin": { "eslint-config-prettier": "bin/cli.js" } }, "sha512-82GZUjRS0p/jganf6q1rEO25VSoHH0hKPCTrgillPjdI/3bgBhAE1QzHrHTizjpRvy6pGAvKjDJtk2pF9NDq8w=="],

    "eslint-scope": ["eslint-scope@9.1.1", "", { "dependencies": { "@types/esrecurse": "^4.3.1", "@types/estree": "^1.0.8", "esrecurse": "^4.3.0", "estraverse": "^5.2.0" } }, "sha512-GaUN0sWim5qc8KVErfPBWmc31LEsOkrUJbvJZV+xuL3u2phMUK4HIvXlWAakfC8W4nzlK+chPEAkYOYb5ZScIw=="],

    "eslint-visitor-keys": ["eslint-visitor-keys@5.0.1", "", {}, "sha512-tD40eHxA35h0PEIZNeIjkHoDR4YjjJp34biM0mDvplBe//mB+IHCqHDGV7pxF+7MklTvighcCPPZC7ynWyjdTA=="],

    "espree": ["espree@11.1.1", "", { "dependencies": { "acorn": "^8.16.0", "acorn-jsx": "^5.3.2", "eslint-visitor-keys": "^5.0.1" } }, "sha512-AVHPqQoZYc+RUM4/3Ly5udlZY/U4LS8pIG05jEjWM2lQMU/oaZ7qshzAl2YP1tfNmXfftH3ohurfwNAug+MnsQ=="],

    "esquery": ["esquery@1.7.0", "", { "dependencies": { "estraverse": "^5.1.0" } }, "sha512-Ap6G0WQwcU/LHsvLwON1fAQX9Zp0A2Y6Y/cJBl9r/JbW90Zyg4/zbG6zzKa2OTALELarYHmKu0GhpM5EO+7T0g=="],

    "esrecurse": ["esrecurse@4.3.0", "", { "dependencies": { "estraverse": "^5.2.0" } }, "sha512-KmfKL3b6G+RXvP8N1vr3Tq1kL/oCFgn2NYXEtqP8/L3pKapUA4G8cFVaoF3SU323CD4XypR/ffioHmkti6/Tag=="],

    "estraverse": ["estraverse@5.3.0", "", {}, "sha512-MMdARuVEQziNTeJD8DgMqmhwR11BRQ/cBP+pLtYdSTnf3MIO8fFeiINEbX36ZdNlfU/7A9f3gUw49B3oQsvwBA=="],

    "estree-walker": ["estree-walker@3.0.3", "", { "dependencies": { "@types/estree": "^1.0.0" } }, "sha512-7RUKfXgSMMkzt6ZuXmqapOurLGPPfgj6l9uRZ7lRGolvk0y2yocc35LdcxKC5PQZdn2DMqioAQ2NoWcrTKmm6g=="],

    "esutils": ["esutils@2.0.3", "", {}, "sha512-kVscqXk4OCp68SZ0dkgEKVi6/8ij300KBWTJq32P/dYeWTSwK41WyTxalN1eRmA5Z9UU/LX9D7FWSmV9SAYx6g=="],

    "fast-deep-equal": ["fast-deep-equal@3.1.3", "", {}, "sha512-f3qQ9oQy9j2AhBe/H9VC91wLmKBCCU/gDOnKNAYG5hswO7BLKj09Hc5HYNz9cGI++xlpDCIgDaitVs03ATR84Q=="],

    "fast-json-stable-stringify": ["fast-json-stable-stringify@2.1.0", "", {}, "sha512-lhd/wF+Lk98HZoTCtlVraHtfh5XYijIjalXck7saUtuanSDyLMxnHhSXEDJqHxD7msR8D0uCmqlkwjCV8xvwHw=="],

    "fast-levenshtein": ["fast-levenshtein@2.0.6", "", {}, "sha512-DCXu6Ifhqcks7TZKY3Hxp3y6qphY5SJZmrWMDrKcERSOXWQdMhU9Ig/PYrzyw/ul9jOIyh0N4M0tbC5hodg8dw=="],

    "fdir": ["fdir@6.5.0", "", { "peerDependencies": { "picomatch": "^3 || ^4" }, "optionalPeers": ["picomatch"] }, "sha512-tIbYtZbucOs0BRGqPJkshJUYdL+SDH7dVM8gjy+ERp3WAUjLEFJE+02kanyHtwjWOnwrKYBiwAmM0p4kLJAnXg=="],

    "file-entry-cache": ["file-entry-cache@8.0.0", "", { "dependencies": { "flat-cache": "^4.0.0" } }, "sha512-XXTUwCvisa5oacNGRP9SfNtYBNAMi+RPwBFmblZEF7N7swHYQS6/Zfk7SRwx4D5j3CH211YNRco1DEMNVfZCnQ=="],

    "find-up": ["find-up@5.0.0", "", { "dependencies": { "locate-path": "^6.0.0", "path-exists": "^4.0.0" } }, "sha512-78/PXT1wlLLDgTzDs7sjq9hzz0vXD+zn+7wypEe4fXQxCmdmqfGsEPQxmiCSQI3ajFV91bVSsvNtrJRiW6nGng=="],

    "flat-cache": ["flat-cache@4.0.1", "", { "dependencies": { "flatted": "^3.2.9", "keyv": "^4.5.4" } }, "sha512-f7ccFPK3SXFHpx15UIGyRJ/FJQctuKZ0zVuN3frBo4HnK3cay9VEW0R6yPYFHC0AgqhukPzKjq22t5DmAyqGyw=="],

    "flatted": ["flatted@3.3.3", "", {}, "sha512-GX+ysw4PBCz0PzosHDepZGANEuFCMLrnRTiEy9McGjmkCQYwRq4A/X786G/fjM/+OjsWSU1ZrY5qyARZmO/uwg=="],

    "get-tsconfig": ["get-tsconfig@4.13.6", "", { "dependencies": { "resolve-pkg-maps": "^1.0.0" } }, "sha512-shZT/QMiSHc/YBLxxOkMtgSid5HFoauqCE3/exfsEcwg1WkeqjG+V40yBbBrsD+jW2HDXcs28xOfcbm2jI8Ddw=="],

    "glob-parent": ["glob-parent@6.0.2", "", { "dependencies": { "is-glob": "^4.0.3" } }, "sha512-XxwI8EOhVQgWp6iDL+3b0r86f4d6AX6zSU55HfB4ydCEuXLXc5FcYeOu+nnGftS4TEju/11rt4KJPTMgbfmv4A=="],

    "globals": ["globals@17.3.0", "", {}, "sha512-yMqGUQVVCkD4tqjOJf3TnrvaaHDMYp4VlUSObbkIiuCPe/ofdMBFIAcBbCSRFWOnos6qRiTVStDwqPLUclaxIw=="],

    "hookable": ["hookable@6.0.1", "", {}, "sha512-uKGyY8BuzN/a5gvzvA+3FVWo0+wUjgtfSdnmjtrOVwQCZPHpHDH2WRO3VZSOeluYrHoDCiXFffZXs8Dj1ULWtw=="],

    "ignore": ["ignore@5.3.2", "", {}, "sha512-hsBTNUqQTDwkWtcdYI2i06Y/nUBEsNEDJKjWdigLvegy8kDuJAS8uRlpkkcQpyEXL0Z/pjDy5HBmMjRCJ2gq+g=="],

    "import-without-cache": ["import-without-cache@0.2.5", "", {}, "sha512-B6Lc2s6yApwnD2/pMzFh/d5AVjdsDXjgkeJ766FmFuJELIGHNycKRj+l3A39yZPM4CchqNCB4RITEAYB1KUM6A=="],

    "imurmurhash": ["imurmurhash@0.1.4", "", {}, "sha512-JmXMZ6wuvDmLiHEml9ykzqO6lwFbof0GG4IkcGaENdCRDDmMVnny7s5HsIgHCbaq0w2MyPhDqkhTUgS2LU2PHA=="],

    "is-extglob": ["is-extglob@2.1.1", "", {}, "sha512-SbKbANkN603Vi4jEZv49LeVJMn4yGwsbzZworEoyEiutsN3nJYdbO36zfhGJ6QEDpOZIFkDtnq5JRxmvl3jsoQ=="],

    "is-glob": ["is-glob@4.0.3", "", { "dependencies": { "is-extglob": "^2.1.1" } }, "sha512-xelSayHH36ZgE7ZWhli7pW34hNbNl8Ojv5KVmkJD4hBdD3th8Tfk9vYasLM+mXWOZhFkgZfxhLSnrwRr4elSSg=="],

    "isexe": ["isexe@2.0.0", "", {}, "sha512-RHxMLp9lnKHGHRng9QFhRCMbYAcVpn69smSGcq3f36xjgVVWThj4qqLbTLlq7Ssj8B+fIQ1EuCEGI2lKsyQeIw=="],

    "javascript-natural-sort": ["javascript-natural-sort@0.7.1", "", {}, "sha512-nO6jcEfZWQXDhOiBtG2KvKyEptz7RVbpGP4vTD2hLBdmNQSsCiicO2Ioinv6UI4y9ukqnBpy+XZ9H6uLNgJTlw=="],

    "jiti": ["jiti@2.6.1", "", { "bin": { "jiti": "lib/jiti-cli.mjs" } }, "sha512-ekilCSN1jwRvIbgeg/57YFh8qQDNbwDb9xT/qu2DAHbFFZUicIl4ygVaAvzveMhMVr3LnpSKTNnwt8PoOfmKhQ=="],

    "js-tokens": ["js-tokens@4.0.0", "", {}, "sha512-RdJUflcE3cUzKiMqQgsCu06FPu9UdIJO0beYbPhHN4k6apgJtifcoCtT9bcxOpYBtpD2kCM6Sbzg4CausW/PKQ=="],

    "jsesc": ["jsesc@3.1.0", "", { "bin": { "jsesc": "bin/jsesc" } }, "sha512-/sM3dO2FOzXjKQhJuo0Q173wf2KOo8t4I8vHy6lF9poUp7bKT0/NHE8fPX23PwfhnykfqnC2xRxOnVw5XuGIaA=="],

    "json-buffer": ["json-buffer@3.0.1", "", {}, "sha512-4bV5BfR2mqfQTJm+V5tPPdf+ZpuhiIvTuAB5g8kcrXOZpTT/QwwVRWBywX1ozr6lEuPdbHxwaJlm9G6mI2sfSQ=="],

    "json-schema-traverse": ["json-schema-traverse@0.4.1", "", {}, "sha512-xbbCH5dCYU5T8LcEhhuh7HJ88HXuW3qsI3Y0zOZFKfZEHcpWiHU/Jxzk629Brsab/mMiHQti9wMP+845RPe3Vg=="],

    "json-stable-stringify-without-jsonify": ["json-stable-stringify-without-jsonify@1.0.1", "", {}, "sha512-Bdboy+l7tA3OGW6FjyFHWkP5LuByj1Tk33Ljyq0axyzdk9//JSi2u3fP1QSmd1KNwq6VOKYGlAu87CisVir6Pw=="],

    "keyv": ["keyv@4.5.4", "", { "dependencies": { "json-buffer": "3.0.1" } }, "sha512-oxVHkHR/EJf2CNXnWxRLW6mg7JyCCUcG0DtEGmL2ctUo1PNTin1PUil+r/+4r5MpVgC/fn1kjsx7mjSujKqIpw=="],

    "levn": ["levn@0.4.1", "", { "dependencies": { "prelude-ls": "^1.2.1", "type-check": "~0.4.0" } }, "sha512-+bT2uH4E5LGE7h/n3evcS/sQlJXCpIp6ym8OWJ5eV6+67Dsql/LaaT7qJBAt2rzfoa/5QBGBhxDix1dMt2kQKQ=="],

    "locate-path": ["locate-path@6.0.0", "", { "dependencies": { "p-locate": "^5.0.0" } }, "sha512-iPZK6eYjbxRu3uB4/WZ3EsEIMJFMqAoopl3R+zuq0UjcAm/MO6KCweDgPfP3elTztoKP3KtnVHxTn2NHBSDVUw=="],

    "lodash-es": ["lodash-es@4.17.23", "", {}, "sha512-kVI48u3PZr38HdYz98UmfPnXl2DXrpdctLrFLCd3kOx1xUkOmpFPx7gCWWM5MPkL/fD8zb+Ph0QzjGFs4+hHWg=="],

    "make-error": ["make-error@1.3.6", "", {}, "sha512-s8UhlNe7vPKomQhC1qFelMokr/Sc3AgNbso3n74mVPA5LTZwkB9NlXf4XPamLxJE8h0gh73rM94xvwRT2CVInw=="],

    "minimatch": ["minimatch@9.0.9", "", { "dependencies": { "brace-expansion": "^2.0.2" } }, "sha512-OBwBN9AL4dqmETlpS2zasx+vTeWclWzkblfZk7KTA5j3jeOONz/tRCnZomUyvNg83wL5Zv9Ss6HMJXAgL8R2Yg=="],

    "ms": ["ms@2.1.3", "", {}, "sha512-6FlzubTLZG3J2a/NVCAleEhjzq5oxgHyaCU9yYXvcLsvoVaHJq/s5xXI6/XXP6tz7R9xAOtHnSO/tXtF3WRTlA=="],

    "natural-compare": ["natural-compare@1.4.0", "", {}, "sha512-OWND8ei3VtNC9h7V60qff3SVobHr996CTwgxubgyQYEpg290h9J0buyECNNJexkFm5sOajh5G116RYA1c8ZMSw=="],

    "obug": ["obug@2.1.1", "", {}, "sha512-uTqF9MuPraAQ+IsnPf366RG4cP9RtUi7MLO1N3KEc+wb0a6yKpeL0lmk2IB1jY5KHPAlTc6T/JRdC/YqxHNwkQ=="],

    "optionator": ["optionator@0.9.4", "", { "dependencies": { "deep-is": "^0.1.3", "fast-levenshtein": "^2.0.6", "levn": "^0.4.1", "prelude-ls": "^1.2.1", "type-check": "^0.4.0", "word-wrap": "^1.2.5" } }, "sha512-6IpQ7mKUxRcZNLIObR0hz7lxsapSSIYNZJwXPGeF0mTVqGKFIXj1DQcMoT22S3ROcLyY/rz0PWaWZ9ayWmad9g=="],

    "p-limit": ["p-limit@3.1.0", "", { "dependencies": { "yocto-queue": "^0.1.0" } }, "sha512-TYOanM3wGwNGsZN2cVTYPArw454xnXj5qmWF1bEoAc4+cU/ol7GVh7odevjp1FNHduHc3KZMcFduxU5Xc6uJRQ=="],

    "p-locate": ["p-locate@5.0.0", "", { "dependencies": { "p-limit": "^3.0.2" } }, "sha512-LaNjtRWUBY++zB5nE/NwcaoMylSPk+S+ZHNB1TzdbMJMny6dynpAGt7X/tl/QYq3TIeE6nxHppbo2LGymrG5Pw=="],

    "parse-imports-exports": ["parse-imports-exports@0.2.4", "", { "dependencies": { "parse-statements": "1.0.11" } }, "sha512-4s6vd6dx1AotCx/RCI2m7t7GCh5bDRUtGNvRfHSP2wbBQdMi67pPe7mtzmgwcaQ8VKK/6IB7Glfyu3qdZJPybQ=="],

    "parse-statements": ["parse-statements@1.0.11", "", {}, "sha512-HlsyYdMBnbPQ9Jr/VgJ1YF4scnldvJpJxCVx6KgqPL4dxppsWrJHCIIxQXMJrqGnsRkNPATbeMJ8Yxu7JMsYcA=="],

    "path-exists": ["path-exists@4.0.0", "", {}, "sha512-ak9Qy5Q7jYb2Wwcey5Fpvg2KoAc/ZIhLSLOSBmRmygPsGwkVVt0fZa0qrtMz+m6tJTAHfZQ8FnmB4MG4LWy7/w=="],

    "path-key": ["path-key@3.1.1", "", {}, "sha512-ojmeN0qd+y0jszEtoY48r0Peq5dwMEkIlCOu6Q5f41lfkswXuKtYrhgoTpLnyIcHm24Uhqx+5Tqm2InSwLhE6Q=="],

    "pathe": ["pathe@2.0.3", "", {}, "sha512-WUjGcAqP1gQacoQe+OBJsFA7Ld4DyXuUIjZ5cc75cLHvJ7dtNsTugphxIADwspS+AraAUePCKrSVtPLFj/F88w=="],

    "picocolors": ["picocolors@1.1.1", "", {}, "sha512-xceH2snhtb5M9liqDsmEw56le376mTZkEX/jEb/RxNFyegNul7eNslCXP9FDj/Lcu0X8KEyMceP2ntpaHrDEVA=="],

    "picomatch": ["picomatch@4.0.3", "", {}, "sha512-5gTmgEY/sqK6gFXLIsQNH19lWb4ebPDLA4SdLP7dsWkIXHWlG66oPuVvXSGFPppYZz8ZDZq0dYYrbHfBCVUb1Q=="],

    "prelude-ls": ["prelude-ls@1.2.1", "", {}, "sha512-vkcDPrRZo1QZLbn5RLGPpg/WmIQ65qoWWhcGKf/b5eplkkarX0m9z8ppCat4mlOqUsWpyNuYgO3VRyrYHSzX5g=="],

    "prettier": ["prettier@3.8.1", "", { "bin": { "prettier": "bin/prettier.cjs" } }, "sha512-UOnG6LftzbdaHZcKoPFtOcCKztrQ57WkHDeRD9t/PTQtmT0NHSeWWepj6pS0z/N7+08BHFDQVUrfmfMRcZwbMg=="],

    "punycode": ["punycode@2.3.1", "", {}, "sha512-vYt7UD1U9Wg6138shLtLOvdAu+8DsC/ilFtEVHcH+wydcSpNE20AfSOduf6MkRFahL5FY7X1oU7nKVZFtfq8Fg=="],

    "quansync": ["quansync@1.0.0", "", {}, "sha512-5xZacEEufv3HSTPQuchrvV6soaiACMFnq1H8wkVioctoH3TRha9Sz66lOxRwPK/qZj7HPiSveih9yAyh98gvqA=="],

    "resolve-pkg-maps": ["resolve-pkg-maps@1.0.0", "", {}, "sha512-seS2Tj26TBVOC2NIc2rOe2y2ZO7efxITtLZcGSOnHHNOQ7CkiUBfw0Iw2ck6xkIhPwLhKNLS8BO+hEpngQlqzw=="],

    "rolldown": ["rolldown@1.0.0-rc.5", "", { "dependencies": { "@oxc-project/types": "=0.114.0", "@rolldown/pluginutils": "1.0.0-rc.5" }, "optionalDependencies": { "@rolldown/binding-android-arm64": "1.0.0-rc.5", "@rolldown/binding-darwin-arm64": "1.0.0-rc.5", "@rolldown/binding-darwin-x64": "1.0.0-rc.5", "@rolldown/binding-freebsd-x64": "1.0.0-rc.5", "@rolldown/binding-linux-arm-gnueabihf": "1.0.0-rc.5", "@rolldown/binding-linux-arm64-gnu": "1.0.0-rc.5", "@rolldown/binding-linux-arm64-musl": "1.0.0-rc.5", "@rolldown/binding-linux-x64-gnu": "1.0.0-rc.5", "@rolldown/binding-linux-x64-musl": "1.0.0-rc.5", "@rolldown/binding-openharmony-arm64": "1.0.0-rc.5", "@rolldown/binding-wasm32-wasi": "1.0.0-rc.5", "@rolldown/binding-win32-arm64-msvc": "1.0.0-rc.5", "@rolldown/binding-win32-x64-msvc": "1.0.0-rc.5" }, "bin": { "rolldown": "bin/cli.mjs" } }, "sha512-0AdalTs6hNTioaCYIkAa7+xsmHBfU5hCNclZnM/lp7lGGDuUOb6N4BVNtwiomybbencDjq/waKjTImqiGCs5sw=="],

    "rolldown-plugin-dts": ["rolldown-plugin-dts@0.22.2", "", { "dependencies": { "@babel/generator": "8.0.0-rc.1", "@babel/helper-validator-identifier": "8.0.0-rc.1", "@babel/parser": "8.0.0-rc.1", "@babel/types": "8.0.0-rc.1", "ast-kit": "^3.0.0-beta.1", "birpc": "^4.0.0", "dts-resolver": "^2.1.3", "get-tsconfig": "^4.13.6", "obug": "^2.1.1" }, "peerDependencies": { "@ts-macro/tsc": "^0.3.6", "@typescript/native-preview": ">=7.0.0-dev.20250601.1", "rolldown": "^1.0.0-rc.3", "typescript": "^5.0.0 || ^6.0.0-beta", "vue-tsc": "~3.2.0" }, "optionalPeers": ["@ts-macro/tsc", "@typescript/native-preview", "typescript", "vue-tsc"] }, "sha512-Ge+XF962Kobjr0hRPx1neVnLU2jpKkD2zevZTfPKf/0el4eYo9SyGPm0stiHDG2JQuL0Q3HLD0Kn+ST8esvVdA=="],

    "semver": ["semver@7.7.4", "", { "bin": { "semver": "bin/semver.js" } }, "sha512-vFKC2IEtQnVhpT78h1Yp8wzwrf8CM+MzKMHGJZfBtzhZNycRFnXsHk6E5TxIkkMsgNS7mdX3AGB7x2QM2di4lA=="],

    "shebang-command": ["shebang-command@2.0.0", "", { "dependencies": { "shebang-regex": "^3.0.0" } }, "sha512-kHxr2zZpYtdmrN1qDjrrX/Z1rR1kG8Dx+gkpK1G4eXmvXswmcE1hTWBWYUzlraYw1/yZp6YuDY77YtvbN0dmDA=="],

    "shebang-regex": ["shebang-regex@3.0.0", "", {}, "sha512-7++dFhtcx3353uBaq8DDR4NuxBetBzC7ZQOhmTQInHEd6bSrXdiEyzCvG07Z44UYdLShWUyXt5M/yhz8ekcb1A=="],

    "tinyexec": ["tinyexec@1.0.2", "", {}, "sha512-W/KYk+NFhkmsYpuHq5JykngiOCnxeVL8v8dFnqxSD8qEEdRfXk1SDM6JzNqcERbcGYj9tMrDQBYV9cjgnunFIg=="],

    "tinyglobby": ["tinyglobby@0.2.15", "", { "dependencies": { "fdir": "^6.5.0", "picomatch": "^4.0.3" } }, "sha512-j2Zq4NyQYG5XMST4cbs02Ak8iJUdxRM0XI5QyxXuZOzKOINmWurp3smXu3y5wDcJrptwpSjgXHzIQxR0omXljQ=="],

    "tree-kill": ["tree-kill@1.2.2", "", { "bin": { "tree-kill": "cli.js" } }, "sha512-L0Orpi8qGpRG//Nd+H90vFB+3iHnue1zSSGmNOOCh1GLJ7rUKVwV2HvijphGQS2UmhUZewS9VgvxYIdgr+fG1A=="],

    "ts-api-utils": ["ts-api-utils@2.4.0", "", { "peerDependencies": { "typescript": ">=4.8.4" } }, "sha512-3TaVTaAv2gTiMB35i3FiGJaRfwb3Pyn/j3m/bfAvGe8FB7CF6u+LMYqYlDh7reQf7UNvoTvdfAqHGmPGOSsPmA=="],

    "ts-node": ["ts-node@10.9.2", "", { "dependencies": { "@cspotcode/source-map-support": "^0.8.0", "@tsconfig/node10": "^1.0.7", "@tsconfig/node12": "^1.0.7", "@tsconfig/node14": "^1.0.0", "@tsconfig/node16": "^1.0.2", "acorn": "^8.4.1", "acorn-walk": "^8.1.1", "arg": "^4.1.0", "create-require": "^1.1.0", "diff": "^4.0.1", "make-error": "^1.1.1", "v8-compile-cache-lib": "^3.0.1", "yn": "3.1.1" }, "peerDependencies": { "@swc/core": ">=1.2.50", "@swc/wasm": ">=1.2.50", "@types/node": "*", "typescript": ">=2.7" }, "optionalPeers": ["@swc/core", "@swc/wasm"], "bin": { "ts-node": "dist/bin.js", "ts-script": "dist/bin-script-deprecated.js", "ts-node-cwd": "dist/bin-cwd.js", "ts-node-esm": "dist/bin-esm.js", "ts-node-script": "dist/bin-script.js", "ts-node-transpile-only": "dist/bin-transpile.js" } }, "sha512-f0FFpIdcHgn8zcPSbf1dRevwt047YMnaiJM3u2w2RewrB+fob/zePZcrOyQoLMMO7aBIddLcQIEK5dYjkLnGrQ=="],

    "tsdown": ["tsdown@0.21.0-beta.2", "", { "dependencies": { "ansis": "^4.2.0", "cac": "^6.7.14", "defu": "^6.1.4", "empathic": "^2.0.0", "hookable": "^6.0.1", "import-without-cache": "^0.2.5", "obug": "^2.1.1", "picomatch": "^4.0.3", "rolldown": "1.0.0-rc.5", "rolldown-plugin-dts": "^0.22.1", "semver": "^7.7.4", "tinyexec": "^1.0.2", "tinyglobby": "^0.2.15", "tree-kill": "^1.2.2", "unconfig-core": "^7.5.0", "unrun": "^0.2.28" }, "peerDependencies": { "@arethetypeswrong/core": "^0.18.1", "@vitejs/devtools": "*", "publint": "^0.3.0", "typescript": "^5.0.0", "unplugin-lightningcss": "^0.4.0", "unplugin-unused": "^0.5.0" }, "optionalPeers": ["@arethetypeswrong/core", "@vitejs/devtools", "publint", "typescript", "unplugin-lightningcss", "unplugin-unused"], "bin": { "tsdown": "dist/run.mjs" } }, "sha512-OKj8mKf0ws1ucxuEi3mO/OGyfRQxO9MY2D6SoIE/7RZcbojsZSBhJr4xC4MNivMqrQvi3Ke2e+aRZDemPBWPCw=="],

    "tslib": ["tslib@2.8.1", "", {}, "sha512-oJFu94HQb+KVduSUQL7wnpmqnfmLsOA/nAh6b6EH0wCEoK0/mPeXU6c3wKDV83MkOuHPRHtSXKKU99IBazS/2w=="],

    "type-check": ["type-check@0.4.0", "", { "dependencies": { "prelude-ls": "^1.2.1" } }, "sha512-XleUoc9uwGXqjWwXaUTZAmzMcFZ5858QA2vvx1Ur5xIcixXIP+8LnFDgRplU30us6teqdlskFfu+ae4K79Ooew=="],

    "typescript": ["typescript@5.9.3", "", { "bin": { "tsc": "bin/tsc", "tsserver": "bin/tsserver" } }, "sha512-jl1vZzPDinLr9eUt3J/t7V6FgNEw9QjvBPdysz9KfQDD41fQrC2Y4vKQdiaUpFT4bXlb1RHhLpp8wtm6M5TgSw=="],

    "typescript-eslint": ["typescript-eslint@8.56.1", "", { "dependencies": { "@typescript-eslint/eslint-plugin": "8.56.1", "@typescript-eslint/parser": "8.56.1", "@typescript-eslint/typescript-estree": "8.56.1", "@typescript-eslint/utils": "8.56.1" }, "peerDependencies": { "eslint": "^8.57.0 || ^9.0.0 || ^10.0.0", "typescript": ">=4.8.4 <6.0.0" } }, "sha512-U4lM6pjmBX7J5wk4szltF7I1cGBHXZopnAXCMXb3+fZ3B/0Z3hq3wS/CCUB2NZBNAExK92mCU2tEohWuwVMsDQ=="],

    "unconfig-core": ["unconfig-core@7.5.0", "", { "dependencies": { "@quansync/fs": "^1.0.0", "quansync": "^1.0.0" } }, "sha512-Su3FauozOGP44ZmKdHy2oE6LPjk51M/TRRjHv2HNCWiDvfvCoxC2lno6jevMA91MYAdCdwP05QnWdWpSbncX/w=="],

    "undici-types": ["undici-types@7.18.2", "", {}, "sha512-AsuCzffGHJybSaRrmr5eHr81mwJU3kjw6M+uprWvCXiNeN9SOGwQ3Jn8jb8m3Z6izVgknn1R0FTCEAP2QrLY/w=="],

    "unrun": ["unrun@0.2.28", "", { "dependencies": { "rolldown": "1.0.0-rc.5" }, "peerDependencies": { "synckit": "^0.11.11" }, "optionalPeers": ["synckit"], "bin": { "unrun": "dist/cli.mjs" } }, "sha512-LqMrI3ZEUMZ2476aCsbUTfy95CHByqez05nju4AQv4XFPkxh5yai7Di1/Qb0FoELHEEPDWhQi23EJeFyrBV0Og=="],

    "uri-js": ["uri-js@4.4.1", "", { "dependencies": { "punycode": "^2.1.0" } }, "sha512-7rKUyy33Q1yc98pQ1DAmLtwX109F7TIfWlW1Ydo8Wl1ii1SeHieeh0HHfPeL2fMXK6z0s8ecKs9frCuLJvndBg=="],

    "v8-compile-cache-lib": ["v8-compile-cache-lib@3.0.1", "", {}, "sha512-wa7YjyUGfNZngI/vtK0UHAN+lgDCxBPCylVXGp0zu59Fz5aiGtNXaq3DhIov063MorB+VfufLh3JlF2KdTK3xg=="],

    "which": ["which@2.0.2", "", { "dependencies": { "isexe": "^2.0.0" }, "bin": { "node-which": "./bin/node-which" } }, "sha512-BLI3Tl1TW3Pvl70l3yq3Y64i+awpwXqsGBYWkkqMtnbXgrMD+yj7rhW0kuEDxzJaYXGjEW5ogapKNMEKNMjibA=="],

    "word-wrap": ["word-wrap@1.2.5", "", {}, "sha512-BN22B5eaMMI9UMtjrGd5g5eCYPpCPDUy0FJXbYsaT5zYxjFOckS53SQDE3pWkVoWpHXVb3BrYcEN4Twa55B5cA=="],

    "yn": ["yn@3.1.1", "", {}, "sha512-Ux4ygGWsu2c7isFWe8Yu1YluJmqVhxqK2cLXNQA5AcC3QfbGNpM7fu0Y8b/z16pXLnFxZYvWhd3fhBY9DLmC6Q=="],

    "yocto-queue": ["yocto-queue@0.1.0", "", {}, "sha512-rVksvsnNCdJ/ohGc6xgPwyN8eheCxsiLM8mxuE/t/mOVqJewPuO1miLpTHQiRgTKCLexL4MeAFVagts7HmNZ2Q=="],

    "@bufbuild/protoplugin/typescript": ["typescript@5.4.5", "", { "bin": { "tsc": "bin/tsc", "tsserver": "bin/tsserver" } }, "sha512-vcI4UpRgg81oIRUFwR0WSIHKt11nJ7SAVlYNIu+QpqeyXP+gpQJy/Z4+F0aGxSE4MqwjyXvW/TzgkLAx2AGHwQ=="],

    "@cspotcode/source-map-support/@jridgewell/trace-mapping": ["@jridgewell/trace-mapping@0.3.9", "", { "dependencies": { "@jridgewell/resolve-uri": "^3.0.3", "@jridgewell/sourcemap-codec": "^1.4.10" } }, "sha512-3Belt6tdc8bPgAtbcmdtNJlirVoTmEb5e2gC94PnkwEW9jI6CAHUeoG85tjWP5WquqfavoMtMwiG4P926ZKKuQ=="],

    "@eslint-community/eslint-utils/eslint-visitor-keys": ["eslint-visitor-keys@3.4.3", "", {}, "sha512-wpc+LXeiyiisxPlEkUzU6svyS1frIO3Mgxj1fdy7Pm8Ygzguax2N3Fa/D/ag1WqbOprdI+uY6wMUl8/a2G+iag=="],

    "@eslint/config-array/minimatch": ["minimatch@10.2.4", "", { "dependencies": { "brace-expansion": "^5.0.2" } }, "sha512-oRjTw/97aTBN0RHbYCdtF1MQfvusSIBQM0IZEgzl6426+8jSC0nF1a/GmnVLpfB9yyr6g6FTqWqiZVbxrtaCIg=="],

    "@typescript-eslint/eslint-plugin/ignore": ["ignore@7.0.5", "", {}, "sha512-Hs59xBNfUIunMFgWAbGX5cq6893IbWg4KnrjbYwX3tx0ztorVgTDA6B2sxf8ejHJ4wz8BqGUMYlnzNBer5NvGg=="],

    "@typescript-eslint/typescript-estree/minimatch": ["minimatch@10.2.4", "", { "dependencies": { "brace-expansion": "^5.0.2" } }, "sha512-oRjTw/97aTBN0RHbYCdtF1MQfvusSIBQM0IZEgzl6426+8jSC0nF1a/GmnVLpfB9yyr6g6FTqWqiZVbxrtaCIg=="],

    "ast-kit/@babel/parser": ["@babel/parser@8.0.0-rc.1", "", { "dependencies": { "@babel/types": "^8.0.0-rc.1" }, "bin": "./bin/babel-parser.js" }, "sha512-6HyyU5l1yK/7h9Ki52i5h6mDAx4qJdiLQO4FdCyJNoB/gy3T3GGJdhQzzbZgvgZCugYBvwtQiWRt94QKedHnkA=="],

    "eslint/minimatch": ["minimatch@10.2.4", "", { "dependencies": { "brace-expansion": "^5.0.2" } }, "sha512-oRjTw/97aTBN0RHbYCdtF1MQfvusSIBQM0IZEgzl6426+8jSC0nF1a/GmnVLpfB9yyr6g6FTqWqiZVbxrtaCIg=="],

    "rolldown-plugin-dts/@babel/generator": ["@babel/generator@8.0.0-rc.1", "", { "dependencies": { "@babel/parser": "^8.0.0-rc.1", "@babel/types": "^8.0.0-rc.1", "@jridgewell/gen-mapping": "^0.3.12", "@jridgewell/trace-mapping": "^0.3.28", "@types/jsesc": "^2.5.0", "jsesc": "^3.0.2" } }, "sha512-3ypWOOiC4AYHKr8vYRVtWtWmyvcoItHtVqF8paFax+ydpmUdPsJpLBkBBs5ItmhdrwC3a0ZSqqFAdzls4ODP3w=="],

    "rolldown-plugin-dts/@babel/helper-validator-identifier": ["@babel/helper-validator-identifier@8.0.0-rc.1", "", {}, "sha512-I4YnARytXC2RzkLNVnf5qFNFMzp679qZpmtw/V3Jt2uGnWiIxyJtaukjG7R8pSx8nG2NamICpGfljQsogj+FbQ=="],

    "rolldown-plugin-dts/@babel/parser": ["@babel/parser@8.0.0-rc.1", "", { "dependencies": { "@babel/types": "^8.0.0-rc.1" }, "bin": "./bin/babel-parser.js" }, "sha512-6HyyU5l1yK/7h9Ki52i5h6mDAx4qJdiLQO4FdCyJNoB/gy3T3GGJdhQzzbZgvgZCugYBvwtQiWRt94QKedHnkA=="],

    "rolldown-plugin-dts/@babel/types": ["@babel/types@8.0.0-rc.1", "", { "dependencies": { "@babel/helper-string-parser": "^8.0.0-rc.1", "@babel/helper-validator-identifier": "^8.0.0-rc.1" } }, "sha512-ubmJ6TShyaD69VE9DQrlXcdkvJbmwWPB8qYj0H2kaJi29O7vJT9ajSdBd2W8CG34pwL9pYA74fi7RHC1qbLoVQ=="],

    "@eslint/config-array/minimatch/brace-expansion": ["brace-expansion@5.0.4", "", { "dependencies": { "balanced-match": "^4.0.2" } }, "sha512-h+DEnpVvxmfVefa4jFbCf5HdH5YMDXRsmKflpf1pILZWRFlTbJpxeU55nJl4Smt5HQaGzg1o6RHFPJaOqnmBDg=="],

    "@typescript-eslint/typescript-estree/minimatch/brace-expansion": ["brace-expansion@5.0.4", "", { "dependencies": { "balanced-match": "^4.0.2" } }, "sha512-h+DEnpVvxmfVefa4jFbCf5HdH5YMDXRsmKflpf1pILZWRFlTbJpxeU55nJl4Smt5HQaGzg1o6RHFPJaOqnmBDg=="],

    "ast-kit/@babel/parser/@babel/types": ["@babel/types@8.0.0-rc.1", "", { "dependencies": { "@babel/helper-string-parser": "^8.0.0-rc.1", "@babel/helper-validator-identifier": "^8.0.0-rc.1" } }, "sha512-ubmJ6TShyaD69VE9DQrlXcdkvJbmwWPB8qYj0H2kaJi29O7vJT9ajSdBd2W8CG34pwL9pYA74fi7RHC1qbLoVQ=="],

    "eslint/minimatch/brace-expansion": ["brace-expansion@5.0.4", "", { "dependencies": { "balanced-match": "^4.0.2" } }, "sha512-h+DEnpVvxmfVefa4jFbCf5HdH5YMDXRsmKflpf1pILZWRFlTbJpxeU55nJl4Smt5HQaGzg1o6RHFPJaOqnmBDg=="],

    "rolldown-plugin-dts/@babel/types/@babel/helper-string-parser": ["@babel/helper-string-parser@8.0.0-rc.2", "", {}, "sha512-noLx87RwlBEMrTzncWd/FvTxoJ9+ycHNg0n8yyYydIoDsLZuxknKgWRJUqcrVkNrJ74uGyhWQzQaS3q8xfGAhQ=="],

    "@eslint/config-array/minimatch/brace-expansion/balanced-match": ["balanced-match@4.0.4", "", {}, "sha512-BLrgEcRTwX2o6gGxGOCNyMvGSp35YofuYzw9h1IMTRmKqttAZZVU67bdb9Pr2vUHA8+j3i2tJfjO6C6+4myGTA=="],

    "@typescript-eslint/typescript-estree/minimatch/brace-expansion/balanced-match": ["balanced-match@4.0.4", "", {}, "sha512-BLrgEcRTwX2o6gGxGOCNyMvGSp35YofuYzw9h1IMTRmKqttAZZVU67bdb9Pr2vUHA8+j3i2tJfjO6C6+4myGTA=="],

    "ast-kit/@babel/parser/@babel/types/@babel/helper-string-parser": ["@babel/helper-string-parser@8.0.0-rc.2", "", {}, "sha512-noLx87RwlBEMrTzncWd/FvTxoJ9+ycHNg0n8yyYydIoDsLZuxknKgWRJUqcrVkNrJ74uGyhWQzQaS3q8xfGAhQ=="],

    "ast-kit/@babel/parser/@babel/types/@babel/helper-validator-identifier": ["@babel/helper-validator-identifier@8.0.0-rc.1", "", {}, "sha512-I4YnARytXC2RzkLNVnf5qFNFMzp679qZpmtw/V3Jt2uGnWiIxyJtaukjG7R8pSx8nG2NamICpGfljQsogj+FbQ=="],

    "eslint/minimatch/brace-expansion/balanced-match": ["balanced-match@4.0.4", "", {}, "sha512-BLrgEcRTwX2o6gGxGOCNyMvGSp35YofuYzw9h1IMTRmKqttAZZVU67bdb9Pr2vUHA8+j3i2tJfjO6C6+4myGTA=="],
  }
}
